schema: '2.0'
stages:
  data_collection:
    cmd: python src/data_collection.py
    deps:
    - path: src/data_collection.py
      hash: md5
      md5: e9aeb56173fa2354c7e1d63d2d5661d2
      size: 844
    outs:
    - path: data/raw
      hash: md5
      md5: c0c2d65c14a603e91e029fda3c344a5c.dir
      size: 522262
      nfiles: 2
  pre_processing:
    cmd: python src/data_transformation.py
    deps:
    - path: data/raw
      hash: md5
      md5: c0c2d65c14a603e91e029fda3c344a5c.dir
      size: 522262
      nfiles: 2
    - path: src/data_transformation.py
      hash: md5
      md5: c8564add0720fc585c4e3908471b61ae
      size: 753
    outs:
    - path: data/processed
      hash: md5
      md5: 09d7d1468d5c1e6739769af7e3154438.dir
      size: 546137
      nfiles: 2
  model_building:
    cmd: python src/model_building.py
    deps:
    - path: data/processed
      hash: md5
      md5: 09d7d1468d5c1e6739769af7e3154438.dir
      size: 546137
      nfiles: 2
    - path: src/model_building.py
      hash: md5
      md5: 56c32e0228bfd509af9685a0faddb12a
      size: 480
    outs:
    - path: model.pkl
      hash: md5
      md5: 8b8b4ab123ef4159e8b0775a3c371e6a
      size: 7373747
  model_evaluation:
    cmd: python src/model_evaluation.py
    deps:
    - path: model.pkl
      hash: md5
      md5: 8b8b4ab123ef4159e8b0775a3c371e6a
      size: 7373747
    - path: src/model_evaluation.py
      hash: md5
      md5: 248d6688f6aed4b06c4272b1a52422bc
      size: 731
    outs:
    - path: metrics.json
      hash: md5
      md5: e19a7312cf2d3fb4136fff42dccd78ce
      size: 151
