schema: '2.0'
stages:
  data_collection:
    cmd: python src/data_collection.py
    deps:
    - path: src/data_collection.py
      hash: md5
      md5: e9aeb56173fa2354c7e1d63d2d5661d2
      size: 844
    outs:
    - path: data/raw
      hash: md5
      md5: c0c2d65c14a603e91e029fda3c344a5c.dir
      size: 522262
      nfiles: 2
  pre_processing:
    cmd: python src/data_transformation.py
    deps:
    - path: data/raw
      hash: md5
      md5: c0c2d65c14a603e91e029fda3c344a5c.dir
      size: 522262
      nfiles: 2
    - path: src/data_transformation.py
      hash: md5
      md5: c8564add0720fc585c4e3908471b61ae
      size: 753
    outs:
    - path: data/processed
      hash: md5
      md5: 09d7d1468d5c1e6739769af7e3154438.dir
      size: 546137
      nfiles: 2
  model_building:
    cmd: python src/model_building.py
    deps:
    - path: data/processed
      hash: md5
      md5: 09d7d1468d5c1e6739769af7e3154438.dir
      size: 546137
      nfiles: 2
    - path: src/model_building.py
      hash: md5
      md5: fb705e4b980c86f83ba8a2870e71d930
      size: 379
    outs:
    - path: model.pkl
      hash: md5
      md5: a635d4c3e629c96de16520669bbc2807
      size: 7362671
